
Microsoft Visual Studio Solution File, Format Version 12.00
Project("{FAE04EC0-301F-11D3-BF4B-00C04F79EFBC}") = "OpenTelemetryAspnet", "OpenTelemetryAspnet\OpenTelemetryAspnet.csproj", "{BA205862-498C-4381-BF85-F04362BB05FD}"
EndProject
Global
	GlobalSection(SolutionConfigurationPlatforms) = preSolution
		Debug|Any CPU = Debug|Any CPU
		Release|Any CPU = Release|Any CPU
	EndGlobalSection
	GlobalSection(ProjectConfigurationPlatforms) = postSolution
		{BA205862-498C-4381-BF85-F04362BB05FD}.Debug|Any CPU.ActiveCfg = Debug|Any CPU
		{BA205862-498C-4381-BF85-F04362BB05FD}.Debug|Any CPU.Build.0 = Debug|Any CPU
		{BA205862-498C-4381-BF85-F04362BB05FD}.Release|Any CPU.ActiveCfg = Release|Any CPU
		{BA205862-498C-4381-BF85-F04362BB05FD}.Release|Any CPU.Build.0 = Release|Any CPU
	EndGlobalSection
EndGlobal
